
Microsoft Visual Studio Solution File, Format Version 12.00
# Visual Studio 15
VisualStudioVersion = 15.0.28307.1259
MinimumVisualStudioVersion = 10.0.40219.1
Project("{FAE04EC0-301F-11D3-BF4B-00C04F79EFBC}") = "Soft", "Soft\Soft.csproj", "{72F31BB0-C67F-4A53-8637-D5B7DF01D051}"
EndProject
Global
	GlobalSection(SolutionConfigurationPlatforms) = preSolution
		Debug|Any CPU = Debug|Any CPU
		Release|Any CPU = Release|Any CPU
	EndGlobalSection
	GlobalSection(ProjectConfigurationPlatforms) = postSolution
		{72F31BB0-C67F-4A53-8637-D5B7DF01D051}.Debug|Any CPU.ActiveCfg = Debug|Any CPU
		{72F31BB0-C67F-4A53-8637-D5B7DF01D051}.Debug|Any CPU.Build.0 = Debug|Any CPU
		{72F31BB0-C67F-4A53-8637-D5B7DF01D051}.Release|Any CPU.ActiveCfg = Release|Any CPU
		{72F31BB0-C67F-4A53-8637-D5B7DF01D051}.Release|Any CPU.Build.0 = Release|Any CPU
	EndGlobalSection
	GlobalSection(SolutionProperties) = preSolution
		HideSolutionNode = FALSE
	EndGlobalSection
	GlobalSection(ExtensibilityGlobals) = postSolution
		SolutionGuid = {8F95EA61-4ACC-4F07-80EC-B5BC34479E79}
	EndGlobalSection
EndGlobal
